
Microsoft Visual Studio Solution File, Format Version 12.00
# Visual Studio Version 16
VisualStudioVersion = 16.0.31624.102
MinimumVisualStudioVersion = 10.0.40219.1
Project("{FAE04EC0-301F-11D3-BF4B-00C04F79EFBC}") = "CenterManagerSystem", "CenterManagerSystem.csproj", "{D6A3314B-470C-4F32-BBC8-987A71F0C13A}"
EndProject
Global
	GlobalSection(SolutionConfigurationPlatforms) = preSolution
		Debug|Any CPU = Debug|Any CPU
		Release|Any CPU = Release|Any CPU
	EndGlobalSection
	GlobalSection(ProjectConfigurationPlatforms) = postSolution
		{D6A3314B-470C-4F32-BBC8-987A71F0C13A}.Debug|Any CPU.ActiveCfg = Debug|Any CPU
		{D6A3314B-470C-4F32-BBC8-987A71F0C13A}.Debug|Any CPU.Build.0 = Debug|Any CPU
		{D6A3314B-470C-4F32-BBC8-987A71F0C13A}.Release|Any CPU.ActiveCfg = Release|Any CPU
		{D6A3314B-470C-4F32-BBC8-987A71F0C13A}.Release|Any CPU.Build.0 = Release|Any CPU
	EndGlobalSection
	GlobalSection(SolutionProperties) = preSolution
		HideSolutionNode = FALSE
	EndGlobalSection
	GlobalSection(ExtensibilityGlobals) = postSolution
		SolutionGuid = {65C34358-49EE-4CE9-B03B-DF9F2A2FB91C}
	EndGlobalSection
EndGlobal
